
Microsoft Visual Studio Solution File, Format Version 12.00
# Visual Studio 15
VisualStudioVersion = 15.0.28010.2048
MinimumVisualStudioVersion = 10.0.40219.1
Project("{FAE04EC0-301F-11D3-BF4B-00C04F79EFBC}") = "Task4", "Task4\Task4.csproj", "{C0435A31-9772-46D9-9879-13CE0C13AEE0}"
EndProject
Global
	GlobalSection(SolutionConfigurationPlatforms) = preSolution
		Debug|Any CPU = Debug|Any CPU
		Release|Any CPU = Release|Any CPU
	EndGlobalSection
	GlobalSection(ProjectConfigurationPlatforms) = postSolution
		{C0435A31-9772-46D9-9879-13CE0C13AEE0}.Debug|Any CPU.ActiveCfg = Debug|Any CPU
		{C0435A31-9772-46D9-9879-13CE0C13AEE0}.Debug|Any CPU.Build.0 = Debug|Any CPU
		{C0435A31-9772-46D9-9879-13CE0C13AEE0}.Release|Any CPU.ActiveCfg = Release|Any CPU
		{C0435A31-9772-46D9-9879-13CE0C13AEE0}.Release|Any CPU.Build.0 = Release|Any CPU
	EndGlobalSection
	GlobalSection(SolutionProperties) = preSolution
		HideSolutionNode = FALSE
	EndGlobalSection
	GlobalSection(ExtensibilityGlobals) = postSolution
		SolutionGuid = {83C3E225-5C16-4311-BC42-671DE63769B2}
	EndGlobalSection
EndGlobal
