
Microsoft Visual Studio Solution File, Format Version 12.00
# Visual Studio 15
VisualStudioVersion = 15.0.28010.2048
MinimumVisualStudioVersion = 10.0.40219.1
Project("{FAE04EC0-301F-11D3-BF4B-00C04F79EFBC}") = "MicroEx", "MicroEx\MicroEx.csproj", "{F28C769B-CDAF-47AB-A5F8-8B7DDF36B05E}"
EndProject
Global
	GlobalSection(SolutionConfigurationPlatforms) = preSolution
		Debug|Any CPU = Debug|Any CPU
		Release|Any CPU = Release|Any CPU
	EndGlobalSection
	GlobalSection(ProjectConfigurationPlatforms) = postSolution
		{F28C769B-CDAF-47AB-A5F8-8B7DDF36B05E}.Debug|Any CPU.ActiveCfg = Debug|Any CPU
		{F28C769B-CDAF-47AB-A5F8-8B7DDF36B05E}.Debug|Any CPU.Build.0 = Debug|Any CPU
		{F28C769B-CDAF-47AB-A5F8-8B7DDF36B05E}.Release|Any CPU.ActiveCfg = Release|Any CPU
		{F28C769B-CDAF-47AB-A5F8-8B7DDF36B05E}.Release|Any CPU.Build.0 = Release|Any CPU
	EndGlobalSection
	GlobalSection(SolutionProperties) = preSolution
		HideSolutionNode = FALSE
	EndGlobalSection
	GlobalSection(ExtensibilityGlobals) = postSolution
		SolutionGuid = {836CB7BD-0238-45ED-8C67-6112FD202116}
	EndGlobalSection
EndGlobal
